
Microsoft Visual Studio Solution File, Format Version 12.00
# Visual Studio 15
Project("{FAE04EC0-301F-11D3-BF4B-00C04F79EFBC}") = "Assembly-CSharp", "Assembly-CSharp.csproj", "{C6A08176-3F59-1A7A-467B-540D189B3CEE}"
EndProject
Project("{FAE04EC0-301F-11D3-BF4B-00C04F79EFBC}") = "Assembly-CSharp-firstpass", "Assembly-CSharp-firstpass.csproj", "{CB870754-3435-DBD2-D1D3-B16F70818A47}"
EndProject
Project("{FAE04EC0-301F-11D3-BF4B-00C04F79EFBC}") = "Assembly-CSharp-Editor-firstpass", "Assembly-CSharp-Editor-firstpass.csproj", "{47AC0704-966D-EE16-2FE7-C39A933755F9}"
EndProject
Project("{FAE04EC0-301F-11D3-BF4B-00C04F79EFBC}") = "Assembly-CSharp-Editor", "Assembly-CSharp-Editor.csproj", "{7903B09D-1C22-7AAE-5DF8-988A44920DEA}"
EndProject
Global
	GlobalSection(SolutionConfigurationPlatforms) = preSolution
		Debug|Any CPU = Debug|Any CPU
		Release|Any CPU = Release|Any CPU
	EndGlobalSection
	GlobalSection(ProjectConfigurationPlatforms) = postSolution
		{C6A08176-3F59-1A7A-467B-540D189B3CEE}.Debug|Any CPU.ActiveCfg = Debug|Any CPU
		{C6A08176-3F59-1A7A-467B-540D189B3CEE}.Debug|Any CPU.Build.0 = Debug|Any CPU
		{C6A08176-3F59-1A7A-467B-540D189B3CEE}.Release|Any CPU.ActiveCfg = Release|Any CPU
		{C6A08176-3F59-1A7A-467B-540D189B3CEE}.Release|Any CPU.Build.0 = Release|Any CPU
		{CB870754-3435-DBD2-D1D3-B16F70818A47}.Debug|Any CPU.ActiveCfg = Debug|Any CPU
		{CB870754-3435-DBD2-D1D3-B16F70818A47}.Debug|Any CPU.Build.0 = Debug|Any CPU
		{CB870754-3435-DBD2-D1D3-B16F70818A47}.Release|Any CPU.ActiveCfg = Release|Any CPU
		{CB870754-3435-DBD2-D1D3-B16F70818A47}.Release|Any CPU.Build.0 = Release|Any CPU
		{47AC0704-966D-EE16-2FE7-C39A933755F9}.Debug|Any CPU.ActiveCfg = Debug|Any CPU
		{47AC0704-966D-EE16-2FE7-C39A933755F9}.Debug|Any CPU.Build.0 = Debug|Any CPU
		{47AC0704-966D-EE16-2FE7-C39A933755F9}.Release|Any CPU.ActiveCfg = Release|Any CPU
		{47AC0704-966D-EE16-2FE7-C39A933755F9}.Release|Any CPU.Build.0 = Release|Any CPU
		{7903B09D-1C22-7AAE-5DF8-988A44920DEA}.Debug|Any CPU.ActiveCfg = Debug|Any CPU
		{7903B09D-1C22-7AAE-5DF8-988A44920DEA}.Debug|Any CPU.Build.0 = Debug|Any CPU
		{7903B09D-1C22-7AAE-5DF8-988A44920DEA}.Release|Any CPU.ActiveCfg = Release|Any CPU
		{7903B09D-1C22-7AAE-5DF8-988A44920DEA}.Release|Any CPU.Build.0 = Release|Any CPU
	EndGlobalSection
	GlobalSection(SolutionProperties) = preSolution
		HideSolutionNode = FALSE
	EndGlobalSection
EndGlobal
